{
  "nodes": {
    "cachix": {
      "locked": {
        "lastModified": 1657373645,
        "narHash": "sha256-SN6WNrB8DCE3hU/KdBTcuTBeDlfbkxot/VcnxW6nDvQ=",
        "owner": "cachix",
        "repo": "cachix",
        "rev": "63b048a0f4cf03e1e663e2e100ef543c4730410a",
        "type": "github"
      },
      "original": {
        "owner": "cachix",
        "ref": "cachix-deployment-create-group",
        "repo": "cachix",
        "type": "github"
      }
    },
    "darwin": {
      "inputs": {
        "nixpkgs": [
          "nixpkgs"
        ]
      },
      "locked": {
        "lastModified": 1651916036,
        "narHash": "sha256-UuD9keUGm4IuVEV6wdSYbuRm7CwfXE63hVkzKDjVsh4=",
        "owner": "LnL7",
        "repo": "nix-darwin",
        "rev": "2f2bdf658d2b79bada78dc914af99c53cad37cba",
        "type": "github"
      },
      "original": {
        "owner": "LnL7",
        "repo": "nix-darwin",
        "type": "github"
      }
    },
    "nixpkgs": {
      "locked": {
        "lastModified": 1657123678,
        "narHash": "sha256-cowVkScfUPlbBXUp08MeVk/wgm9E1zp1uC+9no2hZYw=",
        "owner": "NixOS",
        "repo": "nixpkgs",
        "rev": "316b762afdb9e142a803f29c49a88b4a47db80ee",
        "type": "github"
      },
      "original": {
        "owner": "NixOS",
        "ref": "nixos-22.05",
        "repo": "nixpkgs",
        "type": "github"
      }
    },
    "root": {
      "inputs": {
        "cachix": "cachix",
        "darwin": "darwin",
        "nixpkgs": "nixpkgs"
      }
    }
  },
  "root": "root",
  "version": 7
}
